<?xml version="1.0" encoding="utf-8"?>
<Project ToolsVersion="4.0" xmlns="http://schemas.microsoft.com/developer/msbuild/2003">
  <ItemGroup>
    <Filter Include="01. Header">
      <UniqueIdentifier>{118c03d8-008e-41b9-bd8d-fafae420f417}</UniqueIdentifier>
    </Filter>
    <Filter Include="02. Engine">
      <UniqueIdentifier>{cf473f1c-c4dc-4caa-987e-638dade35301}</UniqueIdentifier>
    </Filter>
    <Filter Include="03. Device">
      <UniqueIdentifier>{deea725c-5660-482b-811a-9e2dab0c3eff}</UniqueIdentifier>
    </Filter>
    <Filter Include="04. Manager">
      <UniqueIdentifier>{32063128-2dfa-49db-bd5d-955fc43510d0}</UniqueIdentifier>
    </Filter>
    <Filter Include="05. Level">
      <UniqueIdentifier>{7ef02218-9cbb-42e0-9378-58b0de5b7aeb}</UniqueIdentifier>
    </Filter>
    <Filter Include="06. Asset">
      <UniqueIdentifier>{f16cf7cc-c9eb-4c37-bb76-c55201b25ae7}</UniqueIdentifier>
    </Filter>
    <Filter Include="07. GameObject">
      <UniqueIdentifier>{3c304369-eec3-4037-b21a-c0c57710731d}</UniqueIdentifier>
    </Filter>
    <Filter Include="08. Component">
      <UniqueIdentifier>{c76d69ec-58c0-41c9-aa1f-7ff6f7a700a8}</UniqueIdentifier>
    </Filter>
    <Filter Include="00. Default">
      <UniqueIdentifier>{343db463-b682-4f25-9206-c98849e00605}</UniqueIdentifier>
    </Filter>
    <Filter Include="00. Entity">
      <UniqueIdentifier>{656dca70-bf99-4a42-9ecf-c2ab8afb2310}</UniqueIdentifier>
    </Filter>
    <Filter Include="00. Module">
      <UniqueIdentifier>{ff0c82ec-7f40-497c-9f2c-4db77369fb2b}</UniqueIdentifier>
    </Filter>
    <Filter Include="00. ShaderCode">
      <UniqueIdentifier>{d162b4d5-ec18-4545-a5a7-24ce6582ac53}</UniqueIdentifier>
    </Filter>
    <Filter Include="04. Manager\KeyMgr">
      <UniqueIdentifier>{8d64bb3b-efce-46eb-8ca4-b5b7640f958b}</UniqueIdentifier>
    </Filter>
    <Filter Include="04. Manager\PathMgr">
      <UniqueIdentifier>{fb521cb5-fe7f-4aa4-b579-ca556269094a}</UniqueIdentifier>
    </Filter>
    <Filter Include="04. Manager\TimeMgr">
      <UniqueIdentifier>{ce31b20a-76b2-4c03-9f1d-91389f94e25e}</UniqueIdentifier>
    </Filter>
    <Filter Include="06. Asset\Mesh">
      <UniqueIdentifier>{18275510-496f-4cfb-86c6-1380819b66bd}</UniqueIdentifier>
    </Filter>
    <Filter Include="06. Asset\Shader">
      <UniqueIdentifier>{8ec7f9ec-b5a9-4044-8820-364d699f835b}</UniqueIdentifier>
    </Filter>
    <Filter Include="06. Asset\Shader\GraphicsShader">
      <UniqueIdentifier>{35bb787f-aa3d-4e52-9424-e57a38eac8ce}</UniqueIdentifier>
    </Filter>
    <Filter Include="06. Asset\Shader\ComputeShader">
      <UniqueIdentifier>{27600ec5-658c-42fc-ac7c-b26027962b85}</UniqueIdentifier>
    </Filter>
    <Filter Include="08. Component\01. Transform">
      <UniqueIdentifier>{d415a383-587f-4507-9981-23288125f7ae}</UniqueIdentifier>
    </Filter>
    <Filter Include="08. Component\02. Collider2D">
      <UniqueIdentifier>{d1893091-377b-4b39-81f3-9da7ce687cfe}</UniqueIdentifier>
    </Filter>
    <Filter Include="08. Component\04. Animator2D">
      <UniqueIdentifier>{5e0d946c-418e-4b71-b456-b6c2c85f8ef3}</UniqueIdentifier>
    </Filter>
    <Filter Include="08. Component\06. Light2D">
      <UniqueIdentifier>{03346a6f-1ab7-476b-b53b-6176a9549024}</UniqueIdentifier>
    </Filter>
    <Filter Include="08. Component\08. Camera">
      <UniqueIdentifier>{288fd2e2-41d2-41a6-9686-a7c60c6804f1}</UniqueIdentifier>
    </Filter>
    <Filter Include="08. Component\00. RenderComponent">
      <UniqueIdentifier>{54dfd6f1-b328-4865-9a56-8c24fc4e6db7}</UniqueIdentifier>
    </Filter>
    <Filter Include="08. Component\00. RenderComponent\01. MeshRender">
      <UniqueIdentifier>{50b9cbf7-c531-4a7d-ab3a-36ba22fca1ca}</UniqueIdentifier>
    </Filter>
    <Filter Include="08. Component\00. RenderComponent\02. TileMap">
      <UniqueIdentifier>{bff39326-8e16-4ce5-99cd-008ed8f71a1e}</UniqueIdentifier>
    </Filter>
    <Filter Include="08. Component\00. RenderComponent\03. ParticleSystem">
      <UniqueIdentifier>{919e10e2-fde2-4168-93b2-7659b2109928}</UniqueIdentifier>
    </Filter>
    <Filter Include="03. Device\ConstBuffer">
      <UniqueIdentifier>{17c54ead-2367-4668-866c-20f382c7c86d}</UniqueIdentifier>
    </Filter>
    <Filter Include="04. Manager\AssetMgr">
      <UniqueIdentifier>{113c2d2c-c1a5-4496-b932-b5535b95bec3}</UniqueIdentifier>
    </Filter>
    <Filter Include="08. Component\99. Script">
      <UniqueIdentifier>{4e30a7f0-9d0f-476a-a80d-7e9c1f92763f}</UniqueIdentifier>
    </Filter>
    <Filter Include="09. Script">
      <UniqueIdentifier>{36cc87f0-b896-4761-9fa5-b57265d455eb}</UniqueIdentifier>
    </Filter>
    <Filter Include="04. Manager\LevelMgr">
      <UniqueIdentifier>{f328b797-ad30-4f96-bbac-54ba2acec5f8}</UniqueIdentifier>
    </Filter>
    <Filter Include="06. Asset\Texture">
      <UniqueIdentifier>{5d8a6e40-406b-4c34-a5b7-fc1a20580135}</UniqueIdentifier>
    </Filter>
    <Filter Include="04. Manager\TaskMgr">
      <UniqueIdentifier>{903b0c27-baa5-4464-8113-20b5deaa42c2}</UniqueIdentifier>
    </Filter>
  </ItemGroup>
  <ItemGroup>
    <ClInclude Include="framework.h">
      <Filter>00. Default</Filter>
    </ClInclude>
    <ClInclude Include="pch.h">
      <Filter>00. Default</Filter>
    </ClInclude>
    <ClInclude Include="define.h">
      <Filter>01. Header</Filter>
    </ClInclude>
    <ClInclude Include="global.h">
      <Filter>01. Header</Filter>
    </ClInclude>
    <ClInclude Include="singleton.h">
      <Filter>01. Header</Filter>
    </ClInclude>
    <ClInclude Include="struct.h">
      <Filter>01. Header</Filter>
    </ClInclude>
    <ClInclude Include="CEngine.h">
      <Filter>02. Engine</Filter>
    </ClInclude>
    <ClInclude Include="SimpleMath.h">
      <Filter>00. Module</Filter>
    </ClInclude>
    <ClInclude Include="CDevice.h">
      <Filter>03. Device</Filter>
    </ClInclude>
    <ClInclude Include="CEntity.h">
      <Filter>00. Entity</Filter>
    </ClInclude>
    <ClInclude Include="CLevel.h">
      <Filter>05. Level</Filter>
    </ClInclude>
    <ClInclude Include="CKeyMgr.h">
      <Filter>04. Manager\KeyMgr</Filter>
    </ClInclude>
    <ClInclude Include="CPathMgr.h">
      <Filter>04. Manager\PathMgr</Filter>
    </ClInclude>
    <ClInclude Include="CTimeMgr.h">
      <Filter>04. Manager\TimeMgr</Filter>
    </ClInclude>
    <ClInclude Include="CAsset.h">
      <Filter>06. Asset</Filter>
    </ClInclude>
    <ClInclude Include="CMesh.h">
      <Filter>06. Asset\Mesh</Filter>
    </ClInclude>
    <ClInclude Include="CShader.h">
      <Filter>06. Asset\Shader</Filter>
    </ClInclude>
    <ClInclude Include="CGraphicsShader.h">
      <Filter>06. Asset\Shader\GraphicsShader</Filter>
    </ClInclude>
    <ClInclude Include="CComponent.h">
      <Filter>08. Component</Filter>
    </ClInclude>
    <ClInclude Include="CGameObject.h">
      <Filter>07. GameObject</Filter>
    </ClInclude>
    <ClInclude Include="CRenderComponent.h">
      <Filter>08. Component\00. RenderComponent</Filter>
    </ClInclude>
    <ClInclude Include="CTransform.h">
      <Filter>08. Component\01. Transform</Filter>
    </ClInclude>
    <ClInclude Include="CConstBuffer.h">
      <Filter>03. Device\ConstBuffer</Filter>
    </ClInclude>
    <ClInclude Include="CMeshRender.h">
      <Filter>08. Component\00. RenderComponent\01. MeshRender</Filter>
    </ClInclude>
    <ClInclude Include="Func.h">
      <Filter>01. Header</Filter>
    </ClInclude>
    <ClInclude Include="CAssetMgr.h">
      <Filter>04. Manager\AssetMgr</Filter>
    </ClInclude>
    <ClInclude Include="components.h">
      <Filter>01. Header</Filter>
    </ClInclude>
    <ClInclude Include="CScript.h">
      <Filter>08. Component\99. Script</Filter>
    </ClInclude>
    <ClInclude Include="CPlayerScript.h">
      <Filter>09. Script</Filter>
    </ClInclude>
    <ClInclude Include="CLayer.h">
      <Filter>05. Level</Filter>
    </ClInclude>
    <ClInclude Include="CLevelMgr.h">
      <Filter>04. Manager\LevelMgr</Filter>
    </ClInclude>
    <ClInclude Include="CCamera.h">
      <Filter>08. Component\08. Camera</Filter>
    </ClInclude>
    <ClInclude Include="CTaskMgr.h">
      <Filter>04. Manager\TaskMgr</Filter>
    </ClInclude>
    <ClInclude Include="CCameraMoveScript.h">
      <Filter>09. Script</Filter>
    </ClInclude>
    <ClInclude Include="CTexture.h">
      <Filter>06. Asset\Texture</Filter>
    </ClInclude>
    <ClInclude Include="CMissileScript.h" />
  </ItemGroup>
  <ItemGroup>
    <ClCompile Include="Engine.cpp">
      <Filter>00. Default</Filter>
    </ClCompile>
    <ClCompile Include="pch.cpp">
      <Filter>00. Default</Filter>
    </ClCompile>
    <ClCompile Include="CEngine.cpp">
      <Filter>02. Engine</Filter>
    </ClCompile>
    <ClCompile Include="CDevice.cpp">
      <Filter>03. Device</Filter>
    </ClCompile>
    <ClCompile Include="CEntity.cpp">
      <Filter>00. Entity</Filter>
    </ClCompile>
    <ClCompile Include="CLevel.cpp">
      <Filter>05. Level</Filter>
    </ClCompile>
    <ClCompile Include="CKeyMgr.cpp">
      <Filter>04. Manager\KeyMgr</Filter>
    </ClCompile>
    <ClCompile Include="CPathMgr.cpp">
      <Filter>04. Manager\PathMgr</Filter>
    </ClCompile>
    <ClCompile Include="CTimeMgr.cpp">
      <Filter>04. Manager\TimeMgr</Filter>
    </ClCompile>
    <ClCompile Include="CAsset.cpp">
      <Filter>06. Asset</Filter>
    </ClCompile>
    <ClCompile Include="CMesh.cpp">
      <Filter>06. Asset\Mesh</Filter>
    </ClCompile>
    <ClCompile Include="CShader.cpp">
      <Filter>06. Asset\Shader</Filter>
    </ClCompile>
    <ClCompile Include="CGraphicsShader.cpp">
      <Filter>06. Asset\Shader\GraphicsShader</Filter>
    </ClCompile>
    <ClCompile Include="CComponent.cpp">
      <Filter>08. Component</Filter>
    </ClCompile>
    <ClCompile Include="CGameObject.cpp">
      <Filter>07. GameObject</Filter>
    </ClCompile>
    <ClCompile Include="CRenderComponent.cpp">
      <Filter>08. Component\00. RenderComponent</Filter>
    </ClCompile>
    <ClCompile Include="CTransform.cpp">
      <Filter>08. Component\01. Transform</Filter>
    </ClCompile>
    <ClCompile Include="CConstBuffer.cpp">
      <Filter>03. Device\ConstBuffer</Filter>
    </ClCompile>
    <ClCompile Include="CMeshRender.cpp">
      <Filter>08. Component\00. RenderComponent\01. MeshRender</Filter>
    </ClCompile>
    <ClCompile Include="CAssetMgr.cpp">
      <Filter>04. Manager\AssetMgr</Filter>
    </ClCompile>
    <ClCompile Include="CScript.cpp">
      <Filter>08. Component\99. Script</Filter>
    </ClCompile>
    <ClCompile Include="CPlayerScript.cpp">
      <Filter>09. Script</Filter>
    </ClCompile>
    <ClCompile Include="CLayer.cpp">
      <Filter>05. Level</Filter>
    </ClCompile>
    <ClCompile Include="CLevelMgr.cpp">
      <Filter>04. Manager\LevelMgr</Filter>
    </ClCompile>
    <ClCompile Include="CCamera.cpp">
      <Filter>08. Component\08. Camera</Filter>
    </ClCompile>
    <ClCompile Include="extern.cpp">
      <Filter>01. Header</Filter>
    </ClCompile>
    <ClCompile Include="Func.cpp">
      <Filter>01. Header</Filter>
    </ClCompile>
    <ClCompile Include="CTaskMgr.cpp">
      <Filter>04. Manager\TaskMgr</Filter>
    </ClCompile>
    <ClCompile Include="CCameraMoveScript.cpp">
      <Filter>09. Script</Filter>
    </ClCompile>
    <ClCompile Include="CTexture.cpp">
      <Filter>06. Asset\Texture</Filter>
    </ClCompile>
    <ClCompile Include="CMissileScript.cpp" />
  </ItemGroup>
  <ItemGroup>
    <None Include="SimpleMath.inl">
      <Filter>00. Module</Filter>
    </None>
  </ItemGroup>
  <ItemGroup>
    <FxCompile Include="std2d.fx">
      <Filter>00. ShaderCode</Filter>
    </FxCompile>
  </ItemGroup>
</Project>